version = 1
revision = 3
requires-python = ">=3.11"

[[package]]
name = "bootdev-staticsite"
version = "0.1.0"
source = { virtual = "." }

[package.dev-dependencies]
dev = [
    { name = "coverage" },
]

[package.metadata]

[package.metadata.requires-dev]
dev = [{ name = "coverage", specifier = ">=7.6" }]

[[package]]
name = "coverage"
version = "7.10.6"
source = { registry = "https://pypi.org/simple" }
sdist = { url = "https://files.pythonhosted.org/packages/14/70/025b179c993f019105b79575ac6edb5e084fb0f0e63f15cdebef4e454fb5/coverage-7.10.6.tar.gz", hash = "sha256:f644a3ae5933a552a29dbb9aa2f90c677a875f80ebea028e5a52a4f429044b90", size = 823736, upload-time = "2025-08-29T15:35:16.668Z" }

